{
  "lockfileVersion": 1,
  "workspaces": {
    "": {
      "name": "opencode-plugins",
      "dependencies": {
        "@opencode-ai/plugin": "latest",
        "@opencode-ai/sdk": "latest",
      },
      "devDependencies": {
        "@types/node": "^24.10.1",
        "typescript": "^5.9.3",
      },
    },
  },
  "packages": {
    "@opencode-ai/plugin": ["@opencode-ai/plugin@1.0.78", "", { "dependencies": { "@opencode-ai/sdk": "1.0.78", "zod": "4.1.8" } }, "sha512-FxwtRdpgxJO6jinypkefC/qh4OCQF+10t53HJlM6hRIIOARvZfF4nPRdlcc8raG1OmzRiGCeohENWTYHvsOZ+g=="],

    "@opencode-ai/sdk": ["@opencode-ai/sdk@1.0.78", "", {}, "sha512-oEsVmNw/GmlHsnckueATrdzKhzJUhp0mursyHKoXb8aY2oH/GbLoJFPU2n6DDFS6PhEHTNsbR39N1RGCS+yfnA=="],

    "@types/node": ["@types/node@24.10.1", "", { "dependencies": { "undici-types": "~7.16.0" } }, "sha512-GNWcUTRBgIRJD5zj+Tq0fKOJ5XZajIiBroOF0yvj2bSU1WvNdYS/dn9UxwsujGW4JX06dnHyjV2y9rRaybH0iQ=="],

    "typescript": ["typescript@5.9.3", "", { "bin": { "tsc": "bin/tsc", "tsserver": "bin/tsserver" } }, "sha512-jl1vZzPDinLr9eUt3J/t7V6FgNEw9QjvBPdysz9KfQDD41fQrC2Y4vKQdiaUpFT4bXlb1RHhLpp8wtm6M5TgSw=="],

    "undici-types": ["undici-types@7.16.0", "", {}, "sha512-Zz+aZWSj8LE6zoxD+xrjh4VfkIG8Ya6LvYkZqtUQGJPZjYl53ypCaUwWqo7eI0x66KBGeRo+mlBEkMSeSZ38Nw=="],

    "zod": ["zod@4.1.8", "", {}, "sha512-5R1P+WwQqmmMIEACyzSvo4JXHY5WiAFHRMg+zBZKgKS+Q1viRa0C1hmUKtHltoIFKtIdki3pRxkmpP74jnNYHQ=="],
  }
}
